// !$*UTF8*$!
{
	archiveVersion = 1;
	classes = {
	};
	objectVersion = 56;
	objects = {

/* Begin PBXBuildFile section */
		EBC2E6022B06F8C400DD07E6 /* flexy_trial_1App.swift in Sources */ = {isa = PBXBuildFile; fileRef = EBC2E6012B06F8C400DD07E6 /* flexy_trial_1App.swift */; };
		EBC2E6042B06F8C400DD07E6 /* ContentView.swift in Sources */ = {isa = PBXBuildFile; fileRef = EBC2E6032B06F8C400DD07E6 /* ContentView.swift */; };
		EBC2E6062B06F8C500DD07E6 /* Assets.xcassets in Resources */ = {isa = PBXBuildFile; fileRef = EBC2E6052B06F8C500DD07E6 /* Assets.xcassets */; };
		EBC2E6092B06F8C500DD07E6 /* Preview Assets.xcassets in Resources */ = {isa = PBXBuildFile; fileRef = EBC2E6082B06F8C500DD07E6 /* Preview Assets.xcassets */; };
		EBC2E6132B06F8C500DD07E6 /* flexy_trial_1Tests.swift in Sources */ = {isa = PBXBuildFile; fileRef = EBC2E6122B06F8C500DD07E6 /* flexy_trial_1Tests.swift */; };
		EBC2E61D2B06F8C500DD07E6 /* flexy_trial_1UITests.swift in Sources */ = {isa = PBXBuildFile; fileRef = EBC2E61C2B06F8C500DD07E6 /* flexy_trial_1UITests.swift */; };
		EBC2E61F2B06F8C500DD07E6 /* flexy_trial_1UITestsLaunchTests.swift in Sources */ = {isa = PBXBuildFile; fileRef = EBC2E61E2B06F8C500DD07E6 /* flexy_trial_1UITestsLaunchTests.swift */; };
/* End PBXBuildFile section */

/* Begin PBXContainerItemProxy section */
		EBC2E60F2B06F8C500DD07E6 /* PBXContainerItemProxy */ = {
			isa = PBXContainerItemProxy;
			containerPortal = EBC2E5F62B06F8C400DD07E6 /* Project object */;
			proxyType = 1;
			remoteGlobalIDString = EBC2E5FD2B06F8C400DD07E6;
			remoteInfo = "flexy trial 1";
		};
		EBC2E6192B06F8C500DD07E6 /* PBXContainerItemProxy */ = {
			isa = PBXContainerItemProxy;
			containerPortal = EBC2E5F62B06F8C400DD07E6 /* Project object */;
			proxyType = 1;
			remoteGlobalIDString = EBC2E5FD2B06F8C400DD07E6;
			remoteInfo = "flexy trial 1";
		};
/* End PBXContainerItemProxy section */

/* Begin PBXFileReference section */
		EBC2E5FE2B06F8C400DD07E6 /* flexy trial 1.app */ = {isa = PBXFileReference; explicitFileType = wrapper.application; includeInIndex = 0; path = "flexy trial 1.app"; sourceTree = BUILT_PRODUCTS_DIR; };
		EBC2E6012B06F8C400DD07E6 /* flexy_trial_1App.swift */ = {isa = PBXFileReference; lastKnownFileType = sourcecode.swift; path = flexy_trial_1App.swift; sourceTree = "<group>"; };
		EBC2E6032B06F8C400DD07E6 /* ContentView.swift */ = {isa = PBXFileReference; lastKnownFileType = sourcecode.swift; path = ContentView.swift; sourceTree = "<group>"; };
		EBC2E6052B06F8C500DD07E6 /* Assets.xcassets */ = {isa = PBXFileReference; lastKnownFileType = folder.assetcatalog; path = Assets.xcassets; sourceTree = "<group>"; };
		EBC2E6082B06F8C500DD07E6 /* Preview Assets.xcassets */ = {isa = PBXFileReference; lastKnownFileType = folder.assetcatalog; path = "Preview Assets.xcassets"; sourceTree = "<group>"; };
		EBC2E60E2B06F8C500DD07E6 /* flexy trial 1Tests.xctest */ = {isa = PBXFileReference; explicitFileType = wrapper.cfbundle; includeInIndex = 0; path = "flexy trial 1Tests.xctest"; sourceTree = BUILT_PRODUCTS_DIR; };
		EBC2E6122B06F8C500DD07E6 /* flexy_trial_1Tests.swift */ = {isa = PBXFileReference; lastKnownFileType = sourcecode.swift; path = flexy_trial_1Tests.swift; sourceTree = "<group>"; };
		EBC2E6182B06F8C500DD07E6 /* flexy trial 1UITests.xctest */ = {isa = PBXFileReference; explicitFileType = wrapper.cfbundle; includeInIndex = 0; path = "flexy trial 1UITests.xctest"; sourceTree = BUILT_PRODUCTS_DIR; };
		EBC2E61C2B06F8C500DD07E6 /* flexy_trial_1UITests.swift */ = {isa = PBXFileReference; lastKnownFileType = sourcecode.swift; path = flexy_trial_1UITests.swift; sourceTree = "<group>"; };
		EBC2E61E2B06F8C500DD07E6 /* flexy_trial_1UITestsLaunchTests.swift */ = {isa = PBXFileReference; lastKnownFileType = sourcecode.swift; path = flexy_trial_1UITestsLaunchTests.swift; sourceTree = "<group>"; };
/* End PBXFileReference section */

/* Begin PBXFrameworksBuildPhase section */
		EBC2E5FB2B06F8C400DD07E6 /* Frameworks */ = {
			isa = PBXFrameworksBuildPhase;
			buildActionMask = 2147483647;
			files = (
			);
			runOnlyForDeploymentPostprocessing = 0;
		};
		EBC2E60B2B06F8C500DD07E6 /* Frameworks */ = {
			isa = PBXFrameworksBuildPhase;
			buildActionMask = 2147483647;
			files = (
			);
			runOnlyForDeploymentPostprocessing = 0;
		};
		EBC2E6152B06F8C500DD07E6 /* Frameworks */ = {
			isa = PBXFrameworksBuildPhase;
			buildActionMask = 2147483647;
			files = (
			);
			runOnlyForDeploymentPostprocessing = 0;
		};
/* End PBXFrameworksBuildPhase section */

/* Begin PBXGroup section */
		EBC2E5F52B06F8C400DD07E6 = {
			isa = PBXGroup;
			children = (
				EBC2E6002B06F8C400DD07E6 /* flexy trial 1 */,
				EBC2E6112B06F8C500DD07E6 /* flexy trial 1Tests */,
				EBC2E61B2B06F8C500DD07E6 /* flexy trial 1UITests */,
				EBC2E5FF2B06F8C400DD07E6 /* Products */,
			);
			sourceTree = "<group>";
		};
		EBC2E5FF2B06F8C400DD07E6 /* Products */ = {
			isa = PBXGroup;
			children = (
				EBC2E5FE2B06F8C400DD07E6 /* flexy trial 1.app */,
				EBC2E60E2B06F8C500DD07E6 /* flexy trial 1Tests.xctest */,
				EBC2E6182B06F8C500DD07E6 /* flexy trial 1UITests.xctest */,
			);
			name = Products;
			sourceTree = "<group>";
		};
		EBC2E6002B06F8C400DD07E6 /* flexy trial 1 */ = {
			isa = PBXGroup;
			children = (
				EBC2E6012B06F8C400DD07E6 /* flexy_trial_1App.swift */,
				EBC2E6032B06F8C400DD07E6 /* ContentView.swift */,
				EBC2E6052B06F8C500DD07E6 /* Assets.xcassets */,
				EBC2E6072B06F8C500DD07E6 /* Preview Content */,
			);
			path = "flexy trial 1";
			sourceTree = "<group>";
		};
		EBC2E6072B06F8C500DD07E6 /* Preview Content */ = {
			isa = PBXGroup;
			children = (
				EBC2E6082B06F8C500DD07E6 /* Preview Assets.xcassets */,
			);
			path = "Preview Content";
			sourceTree = "<group>";
		};
		EBC2E6112B06F8C500DD07E6 /* flexy trial 1Tests */ = {
			isa = PBXGroup;
			children = (
				EBC2E6122B06F8C500DD07E6 /* flexy_trial_1Tests.swift */,
			);
			path = "flexy trial 1Tests";
			sourceTree = "<group>";
		};
		EBC2E61B2B06F8C500DD07E6 /* flexy trial 1UITests */ = {
			isa = PBXGroup;
			children = (
				EBC2E61C2B06F8C500DD07E6 /* flexy_trial_1UITests.swift */,
				EBC2E61E2B06F8C500DD07E6 /* flexy_trial_1UITestsLaunchTests.swift */,
			);
			path = "flexy trial 1UITests";
			sourceTree = "<group>";
		};
/* End PBXGroup section */

/* Begin PBXNativeTarget section */
		EBC2E5FD2B06F8C400DD07E6 /* flexy trial 1 */ = {
			isa = PBXNativeTarget;
			buildConfigurationList = EBC2E6222B06F8C500DD07E6 /* Build configuration list for PBXNativeTarget "flexy trial 1" */;
			buildPhases = (
				EBC2E5FA2B06F8C400DD07E6 /* Sources */,
				EBC2E5FB2B06F8C400DD07E6 /* Frameworks */,
				EBC2E5FC2B06F8C400DD07E6 /* Resources */,
			);
			buildRules = (
			);
			dependencies = (
			);
			name = "flexy trial 1";
			productName = "flexy trial 1";
			productReference = EBC2E5FE2B06F8C400DD07E6 /* flexy trial 1.app */;
			productType = "com.apple.product-type.application";
		};
		EBC2E60D2B06F8C500DD07E6 /* flexy trial 1Tests */ = {
			isa = PBXNativeTarget;
			buildConfigurationList = EBC2E6252B06F8C500DD07E6 /* Build configuration list for PBXNativeTarget "flexy trial 1Tests" */;
			buildPhases = (
				EBC2E60A2B06F8C500DD07E6 /* Sources */,
				EBC2E60B2B06F8C500DD07E6 /* Frameworks */,
				EBC2E60C2B06F8C500DD07E6 /* Resources */,
			);
			buildRules = (
			);
			dependencies = (
				EBC2E6102B06F8C500DD07E6 /* PBXTargetDependency */,
			);
			name = "flexy trial 1Tests";
			productName = "flexy trial 1Tests";
			productReference = EBC2E60E2B06F8C500DD07E6 /* flexy trial 1Tests.xctest */;
			productType = "com.apple.product-type.bundle.unit-test";
		};
		EBC2E6172B06F8C500DD07E6 /* flexy trial 1UITests */ = {
			isa = PBXNativeTarget;
			buildConfigurationList = EBC2E6282B06F8C500DD07E6 /* Build configuration list for PBXNativeTarget "flexy trial 1UITests" */;
			buildPhases = (
				EBC2E6142B06F8C500DD07E6 /* Sources */,
				EBC2E6152B06F8C500DD07E6 /* Frameworks */,
				EBC2E6162B06F8C500DD07E6 /* Resources */,
			);
			buildRules = (
			);
			dependencies = (
				EBC2E61A2B06F8C500DD07E6 /* PBXTargetDependency */,
			);
			name = "flexy trial 1UITests";
			productName = "flexy trial 1UITests";
			productReference = EBC2E6182B06F8C500DD07E6 /* flexy trial 1UITests.xctest */;
			productType = "com.apple.product-type.bundle.ui-testing";
		};
/* End PBXNativeTarget section */

/* Begin PBXProject section */
		EBC2E5F62B06F8C400DD07E6 /* Project object */ = {
			isa = PBXProject;
			attributes = {
				BuildIndependentTargetsInParallel = 1;
				LastSwiftUpdateCheck = 1500;
				LastUpgradeCheck = 1500;
				TargetAttributes = {
					EBC2E5FD2B06F8C400DD07E6 = {
						CreatedOnToolsVersion = 15.0.1;
					};
					EBC2E60D2B06F8C500DD07E6 = {
						CreatedOnToolsVersion = 15.0.1;
						TestTargetID = EBC2E5FD2B06F8C400DD07E6;
					};
					EBC2E6172B06F8C500DD07E6 = {
						CreatedOnToolsVersion = 15.0.1;
						TestTargetID = EBC2E5FD2B06F8C400DD07E6;
					};
				};
			};
			buildConfigurationList = EBC2E5F92B06F8C400DD07E6 /* Build configuration list for PBXProject "flexy trial 1" */;
			compatibilityVersion = "Xcode 14.0";
			developmentRegion = en;
			hasScannedForEncodings = 0;
			knownRegions = (
				en,
				Base,
			);
			mainGroup = EBC2E5F52B06F8C400DD07E6;
			productRefGroup = EBC2E5FF2B06F8C400DD07E6 /* Products */;
			projectDirPath = "";
			projectRoot = "";
			targets = (
				EBC2E5FD2B06F8C400DD07E6 /* flexy trial 1 */,
				EBC2E60D2B06F8C500DD07E6 /* flexy trial 1Tests */,
				EBC2E6172B06F8C500DD07E6 /* flexy trial 1UITests */,
			);
		};
/* End PBXProject section */

/* Begin PBXResourcesBuildPhase section */
		EBC2E5FC2B06F8C400DD07E6 /* Resources */ = {
			isa = PBXResourcesBuildPhase;
			buildActionMask = 2147483647;
			files = (
				EBC2E6092B06F8C500DD07E6 /* Preview Assets.xcassets in Resources */,
				EBC2E6062B06F8C500DD07E6 /* Assets.xcassets in Resources */,
			);
			runOnlyForDeploymentPostprocessing = 0;
		};
		EBC2E60C2B06F8C500DD07E6 /* Resources */ = {
			isa = PBXResourcesBuildPhase;
			buildActionMask = 2147483647;
			files = (
			);
			runOnlyForDeploymentPostprocessing = 0;
		};
		EBC2E6162B06F8C500DD07E6 /* Resources */ = {
			isa = PBXResourcesBuildPhase;
			buildActionMask = 2147483647;
			files = (
			);
			runOnlyForDeploymentPostprocessing = 0;
		};
/* End PBXResourcesBuildPhase section */

/* Begin PBXSourcesBuildPhase section */
		EBC2E5FA2B06F8C400DD07E6 /* Sources */ = {
			isa = PBXSourcesBuildPhase;
			buildActionMask = 2147483647;
			files = (
				EBC2E6042B06F8C400DD07E6 /* ContentView.swift in Sources */,
				EBC2E6022B06F8C400DD07E6 /* flexy_trial_1App.swift in Sources */,
			);
			runOnlyForDeploymentPostprocessing = 0;
		};
		EBC2E60A2B06F8C500DD07E6 /* Sources */ = {
			isa = PBXSourcesBuildPhase;
			buildActionMask = 2147483647;
			files = (
				EBC2E6132B06F8C500DD07E6 /* flexy_trial_1Tests.swift in Sources */,
			);
			runOnlyForDeploymentPostprocessing = 0;
		};
		EBC2E6142B06F8C500DD07E6 /* Sources */ = {
			isa = PBXSourcesBuildPhase;
			buildActionMask = 2147483647;
			files = (
				EBC2E61F2B06F8C500DD07E6 /* flexy_trial_1UITestsLaunchTests.swift in Sources */,
				EBC2E61D2B06F8C500DD07E6 /* flexy_trial_1UITests.swift in Sources */,
			);
			runOnlyForDeploymentPostprocessing = 0;
		};
/* End PBXSourcesBuildPhase section */

/* Begin PBXTargetDependency section */
		EBC2E6102B06F8C500DD07E6 /* PBXTargetDependency */ = {
			isa = PBXTargetDependency;
			target = EBC2E5FD2B06F8C400DD07E6 /* flexy trial 1 */;
			targetProxy = EBC2E60F2B06F8C500DD07E6 /* PBXContainerItemProxy */;
		};
		EBC2E61A2B06F8C500DD07E6 /* PBXTargetDependency */ = {
			isa = PBXTargetDependency;
			target = EBC2E5FD2B06F8C400DD07E6 /* flexy trial 1 */;
			targetProxy = EBC2E6192B06F8C500DD07E6 /* PBXContainerItemProxy */;
		};
/* End PBXTargetDependency section */

/* Begin XCBuildConfiguration section */
		EBC2E6202B06F8C500DD07E6 /* Debug */ = {
			isa = XCBuildConfiguration;
			buildSettings = {
				ALWAYS_SEARCH_USER_PATHS = NO;
				ASSETCATALOG_COMPILER_GENERATE_SWIFT_ASSET_SYMBOL_EXTENSIONS = YES;
				CLANG_ANALYZER_NONNULL = YES;
				CLANG_ANALYZER_NUMBER_OBJECT_CONVERSION = YES_AGGRESSIVE;
				CLANG_CXX_LANGUAGE_STANDARD = "gnu++20";
				CLANG_ENABLE_MODULES = YES;
				CLANG_ENABLE_OBJC_ARC = YES;
				CLANG_ENABLE_OBJC_WEAK = YES;
				CLANG_WARN_BLOCK_CAPTURE_AUTORELEASING = YES;
				CLANG_WARN_BOOL_CONVERSION = YES;
				CLANG_WARN_COMMA = YES;
				CLANG_WARN_CONSTANT_CONVERSION = YES;
				CLANG_WARN_DEPRECATED_OBJC_IMPLEMENTATIONS = YES;
				CLANG_WARN_DIRECT_OBJC_ISA_USAGE = YES_ERROR;
				CLANG_WARN_DOCUMENTATION_COMMENTS = YES;
				CLANG_WARN_EMPTY_BODY = YES;
				CLANG_WARN_ENUM_CONVERSION = YES;
				CLANG_WARN_INFINITE_RECURSION = YES;
				CLANG_WARN_INT_CONVERSION = YES;
				CLANG_WARN_NON_LITERAL_NULL_CONVERSION = YES;
				CLANG_WARN_OBJC_IMPLICIT_RETAIN_SELF = YES;
				CLANG_WARN_OBJC_LITERAL_CONVERSION = YES;
				CLANG_WARN_OBJC_ROOT_CLASS = YES_ERROR;
				CLANG_WARN_QUOTED_INCLUDE_IN_FRAMEWORK_HEADER = YES;
				CLANG_WARN_RANGE_LOOP_ANALYSIS = YES;
				CLANG_WARN_STRICT_PROTOTYPES = YES;
				CLANG_WARN_SUSPICIOUS_MOVE = YES;
				CLANG_WARN_UNGUARDED_AVAILABILITY = YES_AGGRESSIVE;
				CLANG_WARN_UNREACHABLE_CODE = YES;
				CLANG_WARN__DUPLICATE_METHOD_MATCH = YES;
				COPY_PHASE_STRIP = NO;
				DEBUG_INFORMATION_FORMAT = dwarf;
				ENABLE_STRICT_OBJC_MSGSEND = YES;
				ENABLE_TESTABILITY = YES;
				ENABLE_USER_SCRIPT_SANDBOXING = YES;
				GCC_C_LANGUAGE_STANDARD = gnu17;
				GCC_DYNAMIC_NO_PIC = NO;
				GCC_NO_COMMON_BLOCKS = YES;
				GCC_OPTIMIZATION_LEVEL = 0;
				GCC_PREPROCESSOR_DEFINITIONS = (
					"DEBUG=1",
					"$(inherited)",
				);
				GCC_WARN_64_TO_32_BIT_CONVERSION = YES;
				GCC_WARN_ABOUT_RETURN_TYPE = YES_ERROR;
				GCC_WARN_UNDECLARED_SELECTOR = YES;
				GCC_WARN_UNINITIALIZED_AUTOS = YES_AGGRESSIVE;
				GCC_WARN_UNUSED_FUNCTION = YES;
				GCC_WARN_UNUSED_VARIABLE = YES;
				IPHONEOS_DEPLOYMENT_TARGET = 17.0;
				LOCALIZATION_PREFERS_STRING_CATALOGS = YES;
				MTL_ENABLE_DEBUG_INFO = INCLUDE_SOURCE;
				MTL_FAST_MATH = YES;
				ONLY_ACTIVE_ARCH = YES;
				SDKROOT = iphoneos;
				SWIFT_ACTIVE_COMPILATION_CONDITIONS = "DEBUG $(inherited)";
				SWIFT_OPTIMIZATION_LEVEL = "-Onone";
			};
			name = Debug;
		};
		EBC2E6212B06F8C500DD07E6 /* Release */ = {
			isa = XCBuildConfiguration;
			buildSettings = {
				ALWAYS_SEARCH_USER_PATHS = NO;
				ASSETCATALOG_COMPILER_GENERATE_SWIFT_ASSET_SYMBOL_EXTENSIONS = YES;
				CLANG_ANALYZER_NONNULL = YES;
				CLANG_ANALYZER_NUMBER_OBJECT_CONVERSION = YES_AGGRESSIVE;
				CLANG_CXX_LANGUAGE_STANDARD = "gnu++20";
				CLANG_ENABLE_MODULES = YES;
				CLANG_ENABLE_OBJC_ARC = YES;
				CLANG_ENABLE_OBJC_WEAK = YES;
				CLANG_WARN_BLOCK_CAPTURE_AUTORELEASING = YES;
				CLANG_WARN_BOOL_CONVERSION = YES;
				CLANG_WARN_COMMA = YES;
				CLANG_WARN_CONSTANT_CONVERSION = YES;
				CLANG_WARN_DEPRECATED_OBJC_IMPLEMENTATIONS = YES;
				CLANG_WARN_DIRECT_OBJC_ISA_USAGE = YES_ERROR;
				CLANG_WARN_DOCUMENTATION_COMMENTS = YES;
				CLANG_WARN_EMPTY_BODY = YES;
				CLANG_WARN_ENUM_CONVERSION = YES;
				CLANG_WARN_INFINITE_RECURSION = YES;
				CLANG_WARN_INT_CONVERSION = YES;
				CLANG_WARN_NON_LITERAL_NULL_CONVERSION = YES;
				CLANG_WARN_OBJC_IMPLICIT_RETAIN_SELF = YES;
				CLANG_WARN_OBJC_LITERAL_CONVERSION = YES;
				CLANG_WARN_OBJC_ROOT_CLASS = YES_ERROR;
				CLANG_WARN_QUOTED_INCLUDE_IN_FRAMEWORK_HEADER = YES;
				CLANG_WARN_RANGE_LOOP_ANALYSIS = YES;
				CLANG_WARN_STRICT_PROTOTYPES = YES;
				CLANG_WARN_SUSPICIOUS_MOVE = YES;
				CLANG_WARN_UNGUARDED_AVAILABILITY = YES_AGGRESSIVE;
				CLANG_WARN_UNREACHABLE_CODE = YES;
				CLANG_WARN__DUPLICATE_METHOD_MATCH = YES;
				COPY_PHASE_STRIP = NO;
				DEBUG_INFORMATION_FORMAT = "dwarf-with-dsym";
				ENABLE_NS_ASSERTIONS = NO;
				ENABLE_STRICT_OBJC_MSGSEND = YES;
				ENABLE_USER_SCRIPT_SANDBOXING = YES;
				GCC_C_LANGUAGE_STANDARD = gnu17;
				GCC_NO_COMMON_BLOCKS = YES;
				GCC_WARN_64_TO_32_BIT_CONVERSION = YES;
				GCC_WARN_ABOUT_RETURN_TYPE = YES_ERROR;
				GCC_WARN_UNDECLARED_SELECTOR = YES;
				GCC_WARN_UNINITIALIZED_AUTOS = YES_AGGRESSIVE;
				GCC_WARN_UNUSED_FUNCTION = YES;
				GCC_WARN_UNUSED_VARIABLE = YES;
				IPHONEOS_DEPLOYMENT_TARGET = 17.0;
				LOCALIZATION_PREFERS_STRING_CATALOGS = YES;
				MTL_ENABLE_DEBUG_INFO = NO;
				MTL_FAST_MATH = YES;
				SDKROOT = iphoneos;
				SWIFT_COMPILATION_MODE = wholemodule;
				VALIDATE_PRODUCT = YES;
			};
			name = Release;
		};
		EBC2E6232B06F8C500DD07E6 /* Debug */ = {
			isa = XCBuildConfiguration;
			buildSettings = {
				ASSETCATALOG_COMPILER_APPICON_NAME = AppIcon;
				ASSETCATALOG_COMPILER_GLOBAL_ACCENT_COLOR_NAME = AccentColor;
				CODE_SIGN_STYLE = Automatic;
				CURRENT_PROJECT_VERSION = 1;
				DEVELOPMENT_ASSET_PATHS = "\"flexy trial 1/Preview Content\"";
				ENABLE_PREVIEWS = YES;
				GENERATE_INFOPLIST_FILE = YES;
				INFOPLIST_KEY_UIApplicationSceneManifest_Generation = YES;
				INFOPLIST_KEY_UIApplicationSupportsIndirectInputEvents = YES;
				INFOPLIST_KEY_UILaunchScreen_Generation = YES;
				INFOPLIST_KEY_UISupportedInterfaceOrientations_iPad = "UIInterfaceOrientationPortrait UIInterfaceOrientationPortraitUpsideDown UIInterfaceOrientationLandscapeLeft UIInterfaceOrientationLandscapeRight";
				INFOPLIST_KEY_UISupportedInterfaceOrientations_iPhone = "UIInterfaceOrientationPortrait UIInterfaceOrientationLandscapeLeft UIInterfaceOrientationLandscapeRight";
				LD_RUNPATH_SEARCH_PATHS = (
					"$(inherited)",
					"@executable_path/Frameworks",
				);
				MARKETING_VERSION = 1.0;
				PRODUCT_BUNDLE_IDENTIFIER = "au.edu.uts.flexy-trial-1";
				PRODUCT_NAME = "$(TARGET_NAME)";
				SWIFT_EMIT_LOC_STRINGS = YES;
				SWIFT_VERSION = 5.0;
				TARGETED_DEVICE_FAMILY = "1,2";
			};
			name = Debug;
		};
		EBC2E6242B06F8C500DD07E6 /* Release */ = {
			isa = XCBuildConfiguration;
			buildSettings = {
				ASSETCATALOG_COMPILER_APPICON_NAME = AppIcon;
				ASSETCATALOG_COMPILER_GLOBAL_ACCENT_COLOR_NAME = AccentColor;
				CODE_SIGN_STYLE = Automatic;
				CURRENT_PROJECT_VERSION = 1;
				DEVELOPMENT_ASSET_PATHS = "\"flexy trial 1/Preview Content\"";
				ENABLE_PREVIEWS = YES;
				GENERATE_INFOPLIST_FILE = YES;
				INFOPLIST_KEY_UIApplicationSceneManifest_Generation = YES;
				INFOPLIST_KEY_UIApplicationSupportsIndirectInputEvents = YES;
				INFOPLIST_KEY_UILaunchScreen_Generation = YES;
				INFOPLIST_KEY_UISupportedInterfaceOrientations_iPad = "UIInterfaceOrientationPortrait UIInterfaceOrientationPortraitUpsideDown UIInterfaceOrientationLandscapeLeft UIInterfaceOrientationLandscapeRight";
				INFOPLIST_KEY_UISupportedInterfaceOrientations_iPhone = "UIInterfaceOrientationPortrait UIInterfaceOrientationLandscapeLeft UIInterfaceOrientationLandscapeRight";
				LD_RUNPATH_SEARCH_PATHS = (
					"$(inherited)",
					"@executable_path/Frameworks",
				);
				MARKETING_VERSION = 1.0;
				PRODUCT_BUNDLE_IDENTIFIER = "au.edu.uts.flexy-trial-1";
				PRODUCT_NAME = "$(TARGET_NAME)";
				SWIFT_EMIT_LOC_STRINGS = YES;
				SWIFT_VERSION = 5.0;
				TARGETED_DEVICE_FAMILY = "1,2";
			};
			name = Release;
		};
		EBC2E6262B06F8C500DD07E6 /* Debug */ = {
			isa = XCBuildConfiguration;
			buildSettings = {
				ALWAYS_EMBED_SWIFT_STANDARD_LIBRARIES = YES;
				BUNDLE_LOADER = "$(TEST_HOST)";
				CODE_SIGN_STYLE = Automatic;
				CURRENT_PROJECT_VERSION = 1;
				GENERATE_INFOPLIST_FILE = YES;
				IPHONEOS_DEPLOYMENT_TARGET = 17.0;
				MARKETING_VERSION = 1.0;
				PRODUCT_BUNDLE_IDENTIFIER = "au.edu.uts.flexy-trial-1Tests";
				PRODUCT_NAME = "$(TARGET_NAME)";
				SWIFT_EMIT_LOC_STRINGS = NO;
				SWIFT_VERSION = 5.0;
				TARGETED_DEVICE_FAMILY = "1,2";
				TEST_HOST = "$(BUILT_PRODUCTS_DIR)/flexy trial 1.app/$(BUNDLE_EXECUTABLE_FOLDER_PATH)/flexy trial 1";
			};
			name = Debug;
		};
		EBC2E6272B06F8C500DD07E6 /* Release */ = {
			isa = XCBuildConfiguration;
			buildSettings = {
				ALWAYS_EMBED_SWIFT_STANDARD_LIBRARIES = YES;
				BUNDLE_LOADER = "$(TEST_HOST)";
				CODE_SIGN_STYLE = Automatic;
				CURRENT_PROJECT_VERSION = 1;
				GENERATE_INFOPLIST_FILE = YES;
				IPHONEOS_DEPLOYMENT_TARGET = 17.0;
				MARKETING_VERSION = 1.0;
				PRODUCT_BUNDLE_IDENTIFIER = "au.edu.uts.flexy-trial-1Tests";
				PRODUCT_NAME = "$(TARGET_NAME)";
				SWIFT_EMIT_LOC_STRINGS = NO;
				SWIFT_VERSION = 5.0;
				TARGETED_DEVICE_FAMILY = "1,2";
				TEST_HOST = "$(BUILT_PRODUCTS_DIR)/flexy trial 1.app/$(BUNDLE_EXECUTABLE_FOLDER_PATH)/flexy trial 1";
			};
			name = Release;
		};
		EBC2E6292B06F8C500DD07E6 /* Debug */ = {
			isa = XCBuildConfiguration;
			buildSettings = {
				ALWAYS_EMBED_SWIFT_STANDARD_LIBRARIES = YES;
				CODE_SIGN_STYLE = Automatic;
				CURRENT_PROJECT_VERSION = 1;
				GENERATE_INFOPLIST_FILE = YES;
				MARKETING_VERSION = 1.0;
				PRODUCT_BUNDLE_IDENTIFIER = "au.edu.uts.flexy-trial-1UITests";
				PRODUCT_NAME = "$(TARGET_NAME)";
				SWIFT_EMIT_LOC_STRINGS = NO;
				SWIFT_VERSION = 5.0;
				TARGETED_DEVICE_FAMILY = "1,2";
				TEST_TARGET_NAME = "flexy trial 1";
			};
			name = Debug;
		};
		EBC2E62A2B06F8C500DD07E6 /* Release */ = {
			isa = XCBuildConfiguration;
			buildSettings = {
				ALWAYS_EMBED_SWIFT_STANDARD_LIBRARIES = YES;
				CODE_SIGN_STYLE = Automatic;
				CURRENT_PROJECT_VERSION = 1;
				GENERATE_INFOPLIST_FILE = YES;
				MARKETING_VERSION = 1.0;
				PRODUCT_BUNDLE_IDENTIFIER = "au.edu.uts.flexy-trial-1UITests";
				PRODUCT_NAME = "$(TARGET_NAME)";
				SWIFT_EMIT_LOC_STRINGS = NO;
				SWIFT_VERSION = 5.0;
				TARGETED_DEVICE_FAMILY = "1,2";
				TEST_TARGET_NAME = "flexy trial 1";
			};
			name = Release;
		};
/* End XCBuildConfiguration section */

/* Begin XCConfigurationList section */
		EBC2E5F92B06F8C400DD07E6 /* Build configuration list for PBXProject "flexy trial 1" */ = {
			isa = XCConfigurationList;
			buildConfigurations = (
				EBC2E6202B06F8C500DD07E6 /* Debug */,
				EBC2E6212B06F8C500DD07E6 /* Release */,
			);
			defaultConfigurationIsVisible = 0;
			defaultConfigurationName = Release;
		};
		EBC2E6222B06F8C500DD07E6 /* Build configuration list for PBXNativeTarget "flexy trial 1" */ = {
			isa = XCConfigurationList;
			buildConfigurations = (
				EBC2E6232B06F8C500DD07E6 /* Debug */,
				EBC2E6242B06F8C500DD07E6 /* Release */,
			);
			defaultConfigurationIsVisible = 0;
			defaultConfigurationName = Release;
		};
		EBC2E6252B06F8C500DD07E6 /* Build configuration list for PBXNativeTarget "flexy trial 1Tests" */ = {
			isa = XCConfigurationList;
			buildConfigurations = (
				EBC2E6262B06F8C500DD07E6 /* Debug */,
				EBC2E6272B06F8C500DD07E6 /* Release */,
			);
			defaultConfigurationIsVisible = 0;
			defaultConfigurationName = Release;
		};
		EBC2E6282B06F8C500DD07E6 /* Build configuration list for PBXNativeTarget "flexy trial 1UITests" */ = {
			isa = XCConfigurationList;
			buildConfigurations = (
				EBC2E6292B06F8C500DD07E6 /* Debug */,
				EBC2E62A2B06F8C500DD07E6 /* Release */,
			);
			defaultConfigurationIsVisible = 0;
			defaultConfigurationName = Release;
		};
/* End XCConfigurationList section */
	};
	rootObject = EBC2E5F62B06F8C400DD07E6 /* Project object */;
}
